<Project xmlns="http://schemas.microsoft.com/developer/msbuild/2003">
  <PropertyGroup>
    <ProjectGuid>{c3ee9dd7-0f22-494d-ac4e-4af38350dc8b}</ProjectGuid>
    <MainSource>SKShlReg.dpr</MainSource>
    <Configuration Condition=" '$(Configuration)' == '' ">Debug</Configuration>
    <Platform Condition=" '$(Platform)' == '' ">AnyCPU</Platform>
    <DCC_DCCCompiler>DCC32</DCC_DCCCompiler>
    <DCC_DependencyCheckOutputName>..\SKShlReg.exe</DCC_DependencyCheckOutputName>
  </PropertyGroup>
  <PropertyGroup Condition=" '$(Configuration)|$(Platform)' == 'Release|AnyCPU' ">
    <Version>7.0</Version>
    <DCC_DebugInformation>False</DCC_DebugInformation>
    <DCC_LocalDebugSymbols>False</DCC_LocalDebugSymbols>
    <DCC_SymbolReferenceInfo>0</DCC_SymbolReferenceInfo>
    <DCC_ExeOutput>../</DCC_ExeOutput>
    <DCC_DcuOutput>../dcu</DCC_DcuOutput>
    <DCC_ObjOutput>../dcu</DCC_ObjOutput>
    <DCC_HppOutput>../dcu</DCC_HppOutput>
    <DCC_Define>RELEASE</DCC_Define>
  </PropertyGroup>
  <PropertyGroup Condition=" '$(Configuration)|$(Platform)' == 'Debug|AnyCPU' ">
    <Version>7.0</Version>
    <DCC_ExeOutput>../</DCC_ExeOutput>
    <DCC_DcuOutput>../dcu</DCC_DcuOutput>
    <DCC_ObjOutput>../dcu</DCC_ObjOutput>
    <DCC_HppOutput>../dcu</DCC_HppOutput>
    <DCC_Define>DEBUG</DCC_Define>
  </PropertyGroup>
  <ProjectExtensions>
    <Borland.Personality>Delphi.Personality</Borland.Personality>
    <Borland.ProjectType>VCLApplication</Borland.ProjectType>
    <BorlandProject>
<BorlandProject xmlns=""> <Delphi.Personality>   <Parameters>
      <Parameters Name="RunParams">-u "D:\Projects\Delphi\Seurunee\Serunee.exe"</Parameters>
      <Parameters Name="UseLauncher">False</Parameters>
      <Parameters Name="LoadAllSymbols">True</Parameters>
      <Parameters Name="LoadUnspecifiedSymbols">False</Parameters>
    </Parameters>
    <VersionInfo>
      <VersionInfo Name="IncludeVerInfo">True</VersionInfo>
      <VersionInfo Name="AutoIncBuild">True</VersionInfo>
      <VersionInfo Name="MajorVer">1</VersionInfo>
      <VersionInfo Name="MinorVer">0</VersionInfo>
      <VersionInfo Name="Release">1</VersionInfo>
      <VersionInfo Name="Build">12</VersionInfo>
      <VersionInfo Name="Debug">False</VersionInfo>
      <VersionInfo Name="PreRelease">False</VersionInfo>
      <VersionInfo Name="Special">False</VersionInfo>
      <VersionInfo Name="Private">False</VersionInfo>
      <VersionInfo Name="DLL">False</VersionInfo>
      <VersionInfo Name="Locale">1057</VersionInfo>
      <VersionInfo Name="CodePage">1252</VersionInfo>
    </VersionInfo>
    <VersionInfoKeys>
      <VersionInfoKeys Name="CompanyName">Revolven Technologies</VersionInfoKeys>
      <VersionInfoKeys Name="FileDescription">Serune Kalee Shell Integerator</VersionInfoKeys>
      <VersionInfoKeys Name="FileVersion">1.0.1.12</VersionInfoKeys>
      <VersionInfoKeys Name="InternalName">SKShlReg.exe</VersionInfoKeys>
      <VersionInfoKeys Name="LegalCopyright">Copyright © Revolven Technologies 2014</VersionInfoKeys>
      <VersionInfoKeys Name="LegalTrademarks"></VersionInfoKeys>
      <VersionInfoKeys Name="OriginalFilename">SKShlReg.exe</VersionInfoKeys>
      <VersionInfoKeys Name="ProductName">Serune Kalee Simulator</VersionInfoKeys>
      <VersionInfoKeys Name="ProductVersion">1.0</VersionInfoKeys>
      <VersionInfoKeys Name="Comments">Coded by Faris Khowarizmi</VersionInfoKeys>
    </VersionInfoKeys>
    <Source>
      <Source Name="MainSource">SKShlReg.dpr</Source>
    </Source>
  </Delphi.Personality> </BorlandProject></BorlandProject>
  </ProjectExtensions>
  <Import Project="$(MSBuildBinPath)\Borland.Delphi.Targets" />
  <ItemGroup>
    <DelphiCompile Include="SKShlReg.dpr">
      <MainSource>MainSource</MainSource>
    </DelphiCompile>
  </ItemGroup>
</Project>